
Microsoft Visual Studio Solution File, Format Version 12.00
# Visual Studio Version 16
VisualStudioVersion = 16.0.31220.234
MinimumVisualStudioVersion = 10.0.40219.1
Project("{9A19103F-16F7-4668-BE54-9A1E7A4F7556}") = "KestrelWebSocketServer", "src\KestrelWebSocketServer\KestrelWebSocketServer.csproj", "{3A88DC2B-CF63-4658-88BF-E25B038CC70B}"
EndProject
Project("{9A19103F-16F7-4668-BE54-9A1E7A4F7556}") = "UserApi", "src\UserApi\UserApi.csproj", "{E3C5A5E5-571A-4997-B853-434F04AABE13}"
EndProject
Project("{9A19103F-16F7-4668-BE54-9A1E7A4F7556}") = "Config.Shared", "src\ConfigShared\Config.Shared.csproj", "{3D1852E6-597F-4747-A1A9-2B064BCEC615}"
EndProject
Project("{9A19103F-16F7-4668-BE54-9A1E7A4F7556}") = "GcodeApi", "src\GcodeApi\GcodeApi.csproj", "{741ACB71-42EA-41B9-839B-F3000524AF64}"
EndProject
Project("{9A19103F-16F7-4668-BE54-9A1E7A4F7556}") = "Chameleon", "src\Chameleon\Chameleon.csproj", "{E56F9A50-B596-45B3-B689-9E3B5B59783A}"
	ProjectSection(ProjectDependencies) = postProject
		{7A2E824D-E496-4D69-B869-B0A595FF4FC2} = {7A2E824D-E496-4D69-B869-B0A595FF4FC2}
		{741ACB71-42EA-41B9-839B-F3000524AF64} = {741ACB71-42EA-41B9-839B-F3000524AF64}
		{3D1852E6-597F-4747-A1A9-2B064BCEC615} = {3D1852E6-597F-4747-A1A9-2B064BCEC615}
	EndProjectSection
EndProject
Project("{9A19103F-16F7-4668-BE54-9A1E7A4F7556}") = "Data.Shared", "src\DataShared\Data.Shared.csproj", "{7A2E824D-E496-4D69-B869-B0A595FF4FC2}"
EndProject
Project("{FAE04EC0-301F-11D3-BF4B-00C04F79EFBC}") = "IntergrationTests", "tests\IntergrationTests\IntergrationTests.csproj", "{1E14D45A-728E-4668-BB26-BD7DA2B45899}"
EndProject
Project("{9A19103F-16F7-4668-BE54-9A1E7A4F7556}") = "MainApi", "src\MainApi\MainApi.csproj", "{E0F78981-4C99-470B-93A4-2A184E0CCD1E}"
EndProject
Global
	GlobalSection(SolutionConfigurationPlatforms) = preSolution
		Debug|Any CPU = Debug|Any CPU
		Release|Any CPU = Release|Any CPU
	EndGlobalSection
	GlobalSection(ProjectConfigurationPlatforms) = postSolution
		{3A88DC2B-CF63-4658-88BF-E25B038CC70B}.Debug|Any CPU.ActiveCfg = Debug|Any CPU
		{3A88DC2B-CF63-4658-88BF-E25B038CC70B}.Debug|Any CPU.Build.0 = Debug|Any CPU
		{3A88DC2B-CF63-4658-88BF-E25B038CC70B}.Release|Any CPU.ActiveCfg = Release|Any CPU
		{3A88DC2B-CF63-4658-88BF-E25B038CC70B}.Release|Any CPU.Build.0 = Release|Any CPU
		{E3C5A5E5-571A-4997-B853-434F04AABE13}.Debug|Any CPU.ActiveCfg = Debug|Any CPU
		{E3C5A5E5-571A-4997-B853-434F04AABE13}.Debug|Any CPU.Build.0 = Debug|Any CPU
		{E3C5A5E5-571A-4997-B853-434F04AABE13}.Release|Any CPU.ActiveCfg = Release|Any CPU
		{E3C5A5E5-571A-4997-B853-434F04AABE13}.Release|Any CPU.Build.0 = Release|Any CPU
		{3D1852E6-597F-4747-A1A9-2B064BCEC615}.Debug|Any CPU.ActiveCfg = Debug|Any CPU
		{3D1852E6-597F-4747-A1A9-2B064BCEC615}.Debug|Any CPU.Build.0 = Debug|Any CPU
		{3D1852E6-597F-4747-A1A9-2B064BCEC615}.Release|Any CPU.ActiveCfg = Release|Any CPU
		{3D1852E6-597F-4747-A1A9-2B064BCEC615}.Release|Any CPU.Build.0 = Release|Any CPU
		{741ACB71-42EA-41B9-839B-F3000524AF64}.Debug|Any CPU.ActiveCfg = Debug|Any CPU
		{741ACB71-42EA-41B9-839B-F3000524AF64}.Debug|Any CPU.Build.0 = Debug|Any CPU
		{741ACB71-42EA-41B9-839B-F3000524AF64}.Release|Any CPU.ActiveCfg = Release|Any CPU
		{741ACB71-42EA-41B9-839B-F3000524AF64}.Release|Any CPU.Build.0 = Release|Any CPU
		{E56F9A50-B596-45B3-B689-9E3B5B59783A}.Debug|Any CPU.ActiveCfg = Debug|Any CPU
		{E56F9A50-B596-45B3-B689-9E3B5B59783A}.Debug|Any CPU.Build.0 = Debug|Any CPU
		{E56F9A50-B596-45B3-B689-9E3B5B59783A}.Release|Any CPU.ActiveCfg = Release|Any CPU
		{E56F9A50-B596-45B3-B689-9E3B5B59783A}.Release|Any CPU.Build.0 = Release|Any CPU
		{7A2E824D-E496-4D69-B869-B0A595FF4FC2}.Debug|Any CPU.ActiveCfg = Debug|Any CPU
		{7A2E824D-E496-4D69-B869-B0A595FF4FC2}.Debug|Any CPU.Build.0 = Debug|Any CPU
		{7A2E824D-E496-4D69-B869-B0A595FF4FC2}.Release|Any CPU.ActiveCfg = Release|Any CPU
		{7A2E824D-E496-4D69-B869-B0A595FF4FC2}.Release|Any CPU.Build.0 = Release|Any CPU
		{1E14D45A-728E-4668-BB26-BD7DA2B45899}.Debug|Any CPU.ActiveCfg = Debug|Any CPU
		{1E14D45A-728E-4668-BB26-BD7DA2B45899}.Debug|Any CPU.Build.0 = Debug|Any CPU
		{1E14D45A-728E-4668-BB26-BD7DA2B45899}.Release|Any CPU.ActiveCfg = Release|Any CPU
		{1E14D45A-728E-4668-BB26-BD7DA2B45899}.Release|Any CPU.Build.0 = Release|Any CPU
		{E0F78981-4C99-470B-93A4-2A184E0CCD1E}.Debug|Any CPU.ActiveCfg = Debug|Any CPU
		{E0F78981-4C99-470B-93A4-2A184E0CCD1E}.Debug|Any CPU.Build.0 = Debug|Any CPU
		{E0F78981-4C99-470B-93A4-2A184E0CCD1E}.Release|Any CPU.ActiveCfg = Release|Any CPU
		{E0F78981-4C99-470B-93A4-2A184E0CCD1E}.Release|Any CPU.Build.0 = Release|Any CPU
	EndGlobalSection
	GlobalSection(SolutionProperties) = preSolution
		HideSolutionNode = FALSE
	EndGlobalSection
	GlobalSection(ExtensibilityGlobals) = postSolution
		SolutionGuid = {5C99B178-8F63-4391-BC74-1DF33A086391}
	EndGlobalSection
EndGlobal
