
Microsoft Visual Studio Solution File, Format Version 12.00
# Visual Studio Version 16
VisualStudioVersion = 16.0.31313.381
MinimumVisualStudioVersion = 10.0.40219.1
Project("{9A19103F-16F7-4668-BE54-9A1E7A4F7556}") = "Chameleon.Server", "src\Server\Chameleon.Server.csproj", "{FBAF559B-DDF8-4BAA-AC30-91C5F7C7A4D4}"
EndProject
Project("{9A19103F-16F7-4668-BE54-9A1E7A4F7556}") = "Chameleon.Client", "src\Client\Chameleon.Client.csproj", "{0C96F0CF-E335-429C-A256-29F07F88DC02}"
EndProject
Project("{9A19103F-16F7-4668-BE54-9A1E7A4F7556}") = "Chameleon.Shared", "src\Shared\Chameleon.Shared.csproj", "{1C0DF3A6-A9E3-4A84-BE77-36541184D8FC}"
EndProject
Project("{9A19103F-16F7-4668-BE54-9A1E7A4F7556}") = "IntergrationTests", "tests\IntergrationTests\IntergrationTests.csproj", "{26B73985-271F-4283-B060-34134C0CAB9A}"
EndProject
Global
	GlobalSection(SolutionConfigurationPlatforms) = preSolution
		Debug|Any CPU = Debug|Any CPU
		Release|Any CPU = Release|Any CPU
	EndGlobalSection
	GlobalSection(ProjectConfigurationPlatforms) = postSolution
		{FBAF559B-DDF8-4BAA-AC30-91C5F7C7A4D4}.Debug|Any CPU.ActiveCfg = Debug|Any CPU
		{FBAF559B-DDF8-4BAA-AC30-91C5F7C7A4D4}.Debug|Any CPU.Build.0 = Debug|Any CPU
		{FBAF559B-DDF8-4BAA-AC30-91C5F7C7A4D4}.Release|Any CPU.ActiveCfg = Release|Any CPU
		{FBAF559B-DDF8-4BAA-AC30-91C5F7C7A4D4}.Release|Any CPU.Build.0 = Release|Any CPU
		{0C96F0CF-E335-429C-A256-29F07F88DC02}.Debug|Any CPU.ActiveCfg = Debug|Any CPU
		{0C96F0CF-E335-429C-A256-29F07F88DC02}.Debug|Any CPU.Build.0 = Debug|Any CPU
		{0C96F0CF-E335-429C-A256-29F07F88DC02}.Release|Any CPU.ActiveCfg = Release|Any CPU
		{0C96F0CF-E335-429C-A256-29F07F88DC02}.Release|Any CPU.Build.0 = Release|Any CPU
		{1C0DF3A6-A9E3-4A84-BE77-36541184D8FC}.Debug|Any CPU.ActiveCfg = Debug|Any CPU
		{1C0DF3A6-A9E3-4A84-BE77-36541184D8FC}.Debug|Any CPU.Build.0 = Debug|Any CPU
		{1C0DF3A6-A9E3-4A84-BE77-36541184D8FC}.Release|Any CPU.ActiveCfg = Release|Any CPU
		{1C0DF3A6-A9E3-4A84-BE77-36541184D8FC}.Release|Any CPU.Build.0 = Release|Any CPU
		{26B73985-271F-4283-B060-34134C0CAB9A}.Debug|Any CPU.ActiveCfg = Debug|Any CPU
		{26B73985-271F-4283-B060-34134C0CAB9A}.Debug|Any CPU.Build.0 = Debug|Any CPU
		{26B73985-271F-4283-B060-34134C0CAB9A}.Release|Any CPU.ActiveCfg = Release|Any CPU
		{26B73985-271F-4283-B060-34134C0CAB9A}.Release|Any CPU.Build.0 = Release|Any CPU
	EndGlobalSection
	GlobalSection(SolutionProperties) = preSolution
		HideSolutionNode = FALSE
	EndGlobalSection
	GlobalSection(ExtensibilityGlobals) = postSolution
		SolutionGuid = {4090268D-1EC8-411C-800A-DD9C343822F0}
	EndGlobalSection
EndGlobal
